github.com/alexsergivan/transliterator v1.0.0 h1:SAA+fkGZKLnak47h8Dr6829IE2kpSZR2Y3yTd69cIwY=
github.com/alexsergivan/transliterator v1.0.0/go.mod h1:0IrumukulURJ4PD0z6UcdJKP2job1DYDhnHAP5y+5pE=
github.com/bots-go-framework/bots-fw-store v0.4.0 h1:5gQNsMNJ2rni3uGvXt7TeG+V7LFJ6lNIDkAC9g9J/us=
github.com/bots-go-framework/bots-fw-store v0.4.0/go.mod h1:T2yX1QodQ9A1nep/aIAL/czt9adqMyIBVTGOAdNVPAI=
github.com/davecgh/go-spew v1.1.0/go.mod h1:J7Y8YcW2NihsgmVo/mv3lAwl/skON4iLHjSsI+c5H38=
github.com/pmezard/go-difflib v1.0.0/go.mod h1:iKH77koFhYxTK1pcRnkKkqfTogsbg7gZNVY4sRDYZ/4=
github.com/stretchr/objx v0.1.0/go.mod h1:HFkY916IF+rwdDfMAkV7OtwuqBVzrE8GR6GFx+wExME=
github.com/stretchr/testify v1.5.1/go.mod h1:5W2xD1RspED5o8YsWQXVCued0rvSQ+mT+I5cxcmMvtA=
github.com/strongo/random v0.0.1 h1:OZHJBb/3uEa7OX8L2Dv2pLnSeewRmXMyTACoeto6O8I=
github.com/strongo/random v0.0.1/go.mod h1:/pSI+SjBNLBkjljNtVdYr6ERddA+LqSa87o0/s+9iuU=
github.com/strongo/strongoapp v0.9.1 h1:M3JqRZtqftTHGqnekW3ncNYYqLv2B1weye7yhPIG9ms=
github.com/strongo/strongoapp v0.9.1/go.mod h1:UWRe4rYG7val1PRumvd+V1TbCHmckfHr3DQ+OzvYnqo=
github.com/strongo/strongoapp v0.10.0 h1:HWB3UgaagtIr1UJxZ0oKGSdVPVw8Qfhq+/u50Rknqfw=
github.com/strongo/strongoapp v0.10.0/go.mod h1:UWRe4rYG7val1PRumvd+V1TbCHmckfHr3DQ+OzvYnqo=
github.com/strongo/strongoapp v0.12.0 h1:fox8s8w74WiVa78ZbmbQaPVhgD4LwdALg0zy+7l3IJc=
github.com/strongo/strongoapp v0.12.0/go.mod h1:rOUznvRLPp77EVSCnTJ++ZLRODhdoALfs83PUJnzP0E=
github.com/strongo/strongoapp v0.15.0 h1:QXaTjXmraScjUCs8+sSfMFCxTZv+6Mh8J06Ily2B3rk=
github.com/strongo/strongoapp v0.15.0/go.mod h1:yMpsZiowjazIpPEKqieS9hbaaUyuyRPcFA948feBPPE=
github.com/strongo/strongoapp v0.17.0 h1:UIQFkNdNLiM636SQrJS7VefxxidWjX88DGpLMfW8FZg=
github.com/strongo/strongoapp v0.17.0/go.mod h1:yMpsZiowjazIpPEKqieS9hbaaUyuyRPcFA948feBPPE=
github.com/strongo/strongoapp v0.17.1 h1:JXA2hT/vAccirgb6FqDqsWGjIjyydRR79658+8Q/n1Q=
github.com/strongo/strongoapp v0.17.1/go.mod h1:jZNcBilTGETzYBUVOewWBIxvSUA+C/ctmIgDPPMol7Y=
github.com/strongo/strongoapp v0.17.2 h1:UibJPfVmRIsKh5b6fyiUcpuPzyVuni1dGzMQrGSngxk=
github.com/strongo/strongoapp v0.17.2/go.mod h1:jZNcBilTGETzYBUVOewWBIxvSUA+C/ctmIgDPPMol7Y=
github.com/strongo/validation v0.0.6 h1:RskXD45ILagVW3jmuKUiq7WshE4kmoQEiUbgfigqHzw=
github.com/strongo/validation v0.0.6/go.mod h1:V4Nu8b8CPsLNwYLKmMHN2ghkoabOpiOW8NNcUczuCWE=
gopkg.in/check.v1 v0.0.0-20161208181325-20d25e280405/go.mod h1:Co6ibVJAznAaIkqp8huTwlJQCZ016jof/cbN4VW5Yz0=
gopkg.in/yaml.v2 v2.2.2/go.mod h1:hI93XBmqTisBFMUTm0b8Fm+jr3Dg1NNxqwp+5A1VGuI=
